
Microsoft Visual Studio Solution File, Format Version 12.00
# Visual Studio 15
VisualStudioVersion = 15.0.27004.2009
MinimumVisualStudioVersion = 10.0.40219.1
Project("{FAE04EC0-301F-11D3-BF4B-00C04F79EFBC}") = "Wowiebot", "wowiebot\Wowiebot.csproj", "{B153BF0F-D228-4583-8494-1BA62EBEF26B}"
EndProject
Project("{FAE04EC0-301F-11D3-BF4B-00C04F79EFBC}") = "WowiebotTest", "wowiebotTest\WowiebotTest.csproj", "{36539E41-4237-4F47-B6D4-0DEA61126089}"
EndProject
Global
	GlobalSection(SolutionConfigurationPlatforms) = preSolution
		Debug|Any CPU = Debug|Any CPU
		Release|Any CPU = Release|Any CPU
	EndGlobalSection
	GlobalSection(ProjectConfigurationPlatforms) = postSolution
		{B153BF0F-D228-4583-8494-1BA62EBEF26B}.Debug|Any CPU.ActiveCfg = Debug|Any CPU
		{B153BF0F-D228-4583-8494-1BA62EBEF26B}.Debug|Any CPU.Build.0 = Debug|Any CPU
		{B153BF0F-D228-4583-8494-1BA62EBEF26B}.Release|Any CPU.ActiveCfg = Release|Any CPU
		{B153BF0F-D228-4583-8494-1BA62EBEF26B}.Release|Any CPU.Build.0 = Release|Any CPU
		{36539E41-4237-4F47-B6D4-0DEA61126089}.Debug|Any CPU.ActiveCfg = Debug|Any CPU
		{36539E41-4237-4F47-B6D4-0DEA61126089}.Debug|Any CPU.Build.0 = Debug|Any CPU
		{36539E41-4237-4F47-B6D4-0DEA61126089}.Release|Any CPU.ActiveCfg = Release|Any CPU
		{36539E41-4237-4F47-B6D4-0DEA61126089}.Release|Any CPU.Build.0 = Release|Any CPU
	EndGlobalSection
	GlobalSection(SolutionProperties) = preSolution
		HideSolutionNode = FALSE
	EndGlobalSection
	GlobalSection(ExtensibilityGlobals) = postSolution
		SolutionGuid = {BDD8499D-DF4D-4151-BD9F-A0F7AEBF5A1A}
	EndGlobalSection
EndGlobal
